
Microsoft Visual Studio Solution File, Format Version 12.00
# Visual Studio Version 17
VisualStudioVersion = 17.9.34701.34
MinimumVisualStudioVersion = 10.0.40219.1
Project("{8BC9CEB8-8B4A-11D0-8D11-00A0C91BC942}") = "01_选择排序算法", "01_选择排序算法\01_选择排序算法.vcxproj", "{B5B5149D-A433-499E-BF8B-3FAA369FB512}"
EndProject
Project("{8BC9CEB8-8B4A-11D0-8D11-00A0C91BC942}") = "02_静态链表和动态链表", "02_静态链表和动态链表\02_静态链表和动态链表.vcxproj", "{484B7799-53D9-4531-B400-FA7DB2B31CF6}"
EndProject
Project("{8BC9CEB8-8B4A-11D0-8D11-00A0C91BC942}") = "03_链表的基本使用", "03_链表的基本使用\03_链表的基本使用.vcxproj", "{4E5D3AE9-CA71-427A-828A-03FF17113DF7}"
EndProject
Project("{8BC9CEB8-8B4A-11D0-8D11-00A0C91BC942}") = "04_函数指针定义的方式", "04_函数指针定义的方式\04_函数指针定义的方式.vcxproj", "{F116C6DF-9239-4B7B-B9D2-93D887D11979}"
EndProject
Project("{8BC9CEB8-8B4A-11D0-8D11-00A0C91BC942}") = "05_回调函数案例1_打印任意类型数据", "05_回调函数案例1_打印任意类型数据\05_回调函数案例1_打印任意类型数据.vcxproj", "{012E90EC-68FB-4FBF-BE5C-36AC5C9FC3FE}"
EndProject
Project("{8BC9CEB8-8B4A-11D0-8D11-00A0C91BC942}") = "06_回调函数案例2_打印任意类型数组", "06_回调函数案例2_打印任意类型数组\06_回调函数案例2_打印任意类型数组.vcxproj", "{FB483701-70E7-4F73-BA7D-C1A1C0E5A93D}"
EndProject
Project("{8BC9CEB8-8B4A-11D0-8D11-00A0C91BC942}") = "07_回调函数案例3_实现对任意数组排序", "07_回调函数案例3_实现对任意数组排序\07_回调函数案例3_实现对任意数组排序.vcxproj", "{D44D806F-5C99-4D50-95BB-9FEF538851DE}"
EndProject
Project("{8BC9CEB8-8B4A-11D0-8D11-00A0C91BC942}") = "08_递归函数_实现字符串逆序输出", "08_递归函数_实现字符串逆序输出\08_递归函数_实现字符串逆序输出.vcxproj", "{FC8FB6A7-A10D-4B7D-964D-5251180B646B}"
EndProject
Project("{8BC9CEB8-8B4A-11D0-8D11-00A0C91BC942}") = "09_递归函数_实现斐波那契额数列", "09_递归函数_实现斐波那契额数列\09_递归函数_实现斐波那契额数列.vcxproj", "{68BE6C01-ADE0-4DF7-988C-17E4F3D1F0AD}"
EndProject
Project("{8BC9CEB8-8B4A-11D0-8D11-00A0C91BC942}") = "10_动态数组", "10_动态数组\10_动态数组.vcxproj", "{240D448C-1000-413B-8AE4-595A8DEFEB41}"
EndProject
Project("{8BC9CEB8-8B4A-11D0-8D11-00A0C91BC942}") = "11_链表", "11_链表\11_链表.vcxproj", "{E1D4BD12-C152-4704-A82D-13F6EC401958}"
EndProject
Project("{8BC9CEB8-8B4A-11D0-8D11-00A0C91BC942}") = "12_企业版本_链表", "12_企业版本_链表\12_企业版本_链表.vcxproj", "{99A0AB10-1C7D-42C3-BB8E-C223DFE8AECD}"
EndProject
Project("{8BC9CEB8-8B4A-11D0-8D11-00A0C91BC942}") = "13_数组顺序存储模拟栈", "13_数组顺序存储模拟栈\13_数组顺序存储模拟栈.vcxproj", "{6E2CDE28-4B3A-4EB6-AB6C-0933B017D3CB}"
EndProject
Project("{8BC9CEB8-8B4A-11D0-8D11-00A0C91BC942}") = "14_链表链式存储模拟栈", "14_链表链式存储模拟栈\14_链表链式存储模拟栈.vcxproj", "{CFD09FFF-4837-4416-A032-C11CE1761A76}"
EndProject
Project("{8BC9CEB8-8B4A-11D0-8D11-00A0C91BC942}") = "15_栈的应用案例-就近匹配", "15_栈的应用案例-就近匹配\15_栈的应用案例-就近匹配.vcxproj", "{AA7C4C51-F5A3-46BA-BC51-F135F64B9709}"
EndProject
Project("{8BC9CEB8-8B4A-11D0-8D11-00A0C91BC942}") = "16_中缀表达式转后缀表达式", "16_中缀表达式转后缀表达式\16_中缀表达式转后缀表达式.vcxproj", "{81EF6144-61B8-4D03-AFED-10F0D66A1999}"
EndProject
Project("{8BC9CEB8-8B4A-11D0-8D11-00A0C91BC942}") = "17_队列的顺序存储实现", "17_队列的顺序存储实现\17_队列的顺序存储实现.vcxproj", "{CD45217D-1457-4E09-A2B6-791D09505947}"
EndProject
Project("{8BC9CEB8-8B4A-11D0-8D11-00A0C91BC942}") = "18_队列的链式存储实现", "18_队列的链式存储实现\18_队列的链式存储实现.vcxproj", "{982AE38F-F43B-47F9-8CA5-C1129B61343F}"
EndProject
Project("{8BC9CEB8-8B4A-11D0-8D11-00A0C91BC942}") = "19_二叉树的递归遍历", "19_二叉树的递归遍历\19_二叉树的递归遍历.vcxproj", "{3969E8AA-E7D4-4209-8D3C-32B6F5FF8BF2}"
EndProject
Project("{8BC9CEB8-8B4A-11D0-8D11-00A0C91BC942}") = "20_二叉树编程", "20_二叉树编程\20_二叉树编程.vcxproj", "{159509CC-7009-4B41-85A9-4D2A121CD412}"
EndProject
Project("{8BC9CEB8-8B4A-11D0-8D11-00A0C91BC942}") = "21_二叉树的非递归遍历", "21_二叉树的非递归遍历\21_二叉树的非递归遍历.vcxproj", "{FC3A9278-3385-419D-BDD9-5D49F97AB058}"
EndProject
Project("{8BC9CEB8-8B4A-11D0-8D11-00A0C91BC942}") = "22_插入排序", "22_插入排序\22_插入排序.vcxproj", "{F394C1B2-2B33-4A1D-83B9-7EE44AF55ABD}"
EndProject
Global
	GlobalSection(SolutionConfigurationPlatforms) = preSolution
		Debug|x64 = Debug|x64
		Debug|x86 = Debug|x86
		Release|x64 = Release|x64
		Release|x86 = Release|x86
	EndGlobalSection
	GlobalSection(ProjectConfigurationPlatforms) = postSolution
		{B5B5149D-A433-499E-BF8B-3FAA369FB512}.Debug|x64.ActiveCfg = Debug|x64
		{B5B5149D-A433-499E-BF8B-3FAA369FB512}.Debug|x64.Build.0 = Debug|x64
		{B5B5149D-A433-499E-BF8B-3FAA369FB512}.Debug|x86.ActiveCfg = Debug|Win32
		{B5B5149D-A433-499E-BF8B-3FAA369FB512}.Debug|x86.Build.0 = Debug|Win32
		{B5B5149D-A433-499E-BF8B-3FAA369FB512}.Release|x64.ActiveCfg = Release|x64
		{B5B5149D-A433-499E-BF8B-3FAA369FB512}.Release|x64.Build.0 = Release|x64
		{B5B5149D-A433-499E-BF8B-3FAA369FB512}.Release|x86.ActiveCfg = Release|Win32
		{B5B5149D-A433-499E-BF8B-3FAA369FB512}.Release|x86.Build.0 = Release|Win32
		{484B7799-53D9-4531-B400-FA7DB2B31CF6}.Debug|x64.ActiveCfg = Debug|x64
		{484B7799-53D9-4531-B400-FA7DB2B31CF6}.Debug|x64.Build.0 = Debug|x64
		{484B7799-53D9-4531-B400-FA7DB2B31CF6}.Debug|x86.ActiveCfg = Debug|Win32
		{484B7799-53D9-4531-B400-FA7DB2B31CF6}.Debug|x86.Build.0 = Debug|Win32
		{484B7799-53D9-4531-B400-FA7DB2B31CF6}.Release|x64.ActiveCfg = Release|x64
		{484B7799-53D9-4531-B400-FA7DB2B31CF6}.Release|x64.Build.0 = Release|x64
		{484B7799-53D9-4531-B400-FA7DB2B31CF6}.Release|x86.ActiveCfg = Release|Win32
		{484B7799-53D9-4531-B400-FA7DB2B31CF6}.Release|x86.Build.0 = Release|Win32
		{4E5D3AE9-CA71-427A-828A-03FF17113DF7}.Debug|x64.ActiveCfg = Debug|x64
		{4E5D3AE9-CA71-427A-828A-03FF17113DF7}.Debug|x64.Build.0 = Debug|x64
		{4E5D3AE9-CA71-427A-828A-03FF17113DF7}.Debug|x86.ActiveCfg = Debug|Win32
		{4E5D3AE9-CA71-427A-828A-03FF17113DF7}.Debug|x86.Build.0 = Debug|Win32
		{4E5D3AE9-CA71-427A-828A-03FF17113DF7}.Release|x64.ActiveCfg = Release|x64
		{4E5D3AE9-CA71-427A-828A-03FF17113DF7}.Release|x64.Build.0 = Release|x64
		{4E5D3AE9-CA71-427A-828A-03FF17113DF7}.Release|x86.ActiveCfg = Release|Win32
		{4E5D3AE9-CA71-427A-828A-03FF17113DF7}.Release|x86.Build.0 = Release|Win32
		{F116C6DF-9239-4B7B-B9D2-93D887D11979}.Debug|x64.ActiveCfg = Debug|x64
		{F116C6DF-9239-4B7B-B9D2-93D887D11979}.Debug|x64.Build.0 = Debug|x64
		{F116C6DF-9239-4B7B-B9D2-93D887D11979}.Debug|x86.ActiveCfg = Debug|Win32
		{F116C6DF-9239-4B7B-B9D2-93D887D11979}.Debug|x86.Build.0 = Debug|Win32
		{F116C6DF-9239-4B7B-B9D2-93D887D11979}.Release|x64.ActiveCfg = Release|x64
		{F116C6DF-9239-4B7B-B9D2-93D887D11979}.Release|x64.Build.0 = Release|x64
		{F116C6DF-9239-4B7B-B9D2-93D887D11979}.Release|x86.ActiveCfg = Release|Win32
		{F116C6DF-9239-4B7B-B9D2-93D887D11979}.Release|x86.Build.0 = Release|Win32
		{012E90EC-68FB-4FBF-BE5C-36AC5C9FC3FE}.Debug|x64.ActiveCfg = Debug|x64
		{012E90EC-68FB-4FBF-BE5C-36AC5C9FC3FE}.Debug|x64.Build.0 = Debug|x64
		{012E90EC-68FB-4FBF-BE5C-36AC5C9FC3FE}.Debug|x86.ActiveCfg = Debug|Win32
		{012E90EC-68FB-4FBF-BE5C-36AC5C9FC3FE}.Debug|x86.Build.0 = Debug|Win32
		{012E90EC-68FB-4FBF-BE5C-36AC5C9FC3FE}.Release|x64.ActiveCfg = Release|x64
		{012E90EC-68FB-4FBF-BE5C-36AC5C9FC3FE}.Release|x64.Build.0 = Release|x64
		{012E90EC-68FB-4FBF-BE5C-36AC5C9FC3FE}.Release|x86.ActiveCfg = Release|Win32
		{012E90EC-68FB-4FBF-BE5C-36AC5C9FC3FE}.Release|x86.Build.0 = Release|Win32
		{FB483701-70E7-4F73-BA7D-C1A1C0E5A93D}.Debug|x64.ActiveCfg = Debug|x64
		{FB483701-70E7-4F73-BA7D-C1A1C0E5A93D}.Debug|x64.Build.0 = Debug|x64
		{FB483701-70E7-4F73-BA7D-C1A1C0E5A93D}.Debug|x86.ActiveCfg = Debug|Win32
		{FB483701-70E7-4F73-BA7D-C1A1C0E5A93D}.Debug|x86.Build.0 = Debug|Win32
		{FB483701-70E7-4F73-BA7D-C1A1C0E5A93D}.Release|x64.ActiveCfg = Release|x64
		{FB483701-70E7-4F73-BA7D-C1A1C0E5A93D}.Release|x64.Build.0 = Release|x64
		{FB483701-70E7-4F73-BA7D-C1A1C0E5A93D}.Release|x86.ActiveCfg = Release|Win32
		{FB483701-70E7-4F73-BA7D-C1A1C0E5A93D}.Release|x86.Build.0 = Release|Win32
		{D44D806F-5C99-4D50-95BB-9FEF538851DE}.Debug|x64.ActiveCfg = Debug|x64
		{D44D806F-5C99-4D50-95BB-9FEF538851DE}.Debug|x64.Build.0 = Debug|x64
		{D44D806F-5C99-4D50-95BB-9FEF538851DE}.Debug|x86.ActiveCfg = Debug|Win32
		{D44D806F-5C99-4D50-95BB-9FEF538851DE}.Debug|x86.Build.0 = Debug|Win32
		{D44D806F-5C99-4D50-95BB-9FEF538851DE}.Release|x64.ActiveCfg = Release|x64
		{D44D806F-5C99-4D50-95BB-9FEF538851DE}.Release|x64.Build.0 = Release|x64
		{D44D806F-5C99-4D50-95BB-9FEF538851DE}.Release|x86.ActiveCfg = Release|Win32
		{D44D806F-5C99-4D50-95BB-9FEF538851DE}.Release|x86.Build.0 = Release|Win32
		{FC8FB6A7-A10D-4B7D-964D-5251180B646B}.Debug|x64.ActiveCfg = Debug|x64
		{FC8FB6A7-A10D-4B7D-964D-5251180B646B}.Debug|x64.Build.0 = Debug|x64
		{FC8FB6A7-A10D-4B7D-964D-5251180B646B}.Debug|x86.ActiveCfg = Debug|Win32
		{FC8FB6A7-A10D-4B7D-964D-5251180B646B}.Debug|x86.Build.0 = Debug|Win32
		{FC8FB6A7-A10D-4B7D-964D-5251180B646B}.Release|x64.ActiveCfg = Release|x64
		{FC8FB6A7-A10D-4B7D-964D-5251180B646B}.Release|x64.Build.0 = Release|x64
		{FC8FB6A7-A10D-4B7D-964D-5251180B646B}.Release|x86.ActiveCfg = Release|Win32
		{FC8FB6A7-A10D-4B7D-964D-5251180B646B}.Release|x86.Build.0 = Release|Win32
		{68BE6C01-ADE0-4DF7-988C-17E4F3D1F0AD}.Debug|x64.ActiveCfg = Debug|x64
		{68BE6C01-ADE0-4DF7-988C-17E4F3D1F0AD}.Debug|x64.Build.0 = Debug|x64
		{68BE6C01-ADE0-4DF7-988C-17E4F3D1F0AD}.Debug|x86.ActiveCfg = Debug|Win32
		{68BE6C01-ADE0-4DF7-988C-17E4F3D1F0AD}.Debug|x86.Build.0 = Debug|Win32
		{68BE6C01-ADE0-4DF7-988C-17E4F3D1F0AD}.Release|x64.ActiveCfg = Release|x64
		{68BE6C01-ADE0-4DF7-988C-17E4F3D1F0AD}.Release|x64.Build.0 = Release|x64
		{68BE6C01-ADE0-4DF7-988C-17E4F3D1F0AD}.Release|x86.ActiveCfg = Release|Win32
		{68BE6C01-ADE0-4DF7-988C-17E4F3D1F0AD}.Release|x86.Build.0 = Release|Win32
		{240D448C-1000-413B-8AE4-595A8DEFEB41}.Debug|x64.ActiveCfg = Debug|x64
		{240D448C-1000-413B-8AE4-595A8DEFEB41}.Debug|x64.Build.0 = Debug|x64
		{240D448C-1000-413B-8AE4-595A8DEFEB41}.Debug|x86.ActiveCfg = Debug|Win32
		{240D448C-1000-413B-8AE4-595A8DEFEB41}.Debug|x86.Build.0 = Debug|Win32
		{240D448C-1000-413B-8AE4-595A8DEFEB41}.Release|x64.ActiveCfg = Release|x64
		{240D448C-1000-413B-8AE4-595A8DEFEB41}.Release|x64.Build.0 = Release|x64
		{240D448C-1000-413B-8AE4-595A8DEFEB41}.Release|x86.ActiveCfg = Release|Win32
		{240D448C-1000-413B-8AE4-595A8DEFEB41}.Release|x86.Build.0 = Release|Win32
		{E1D4BD12-C152-4704-A82D-13F6EC401958}.Debug|x64.ActiveCfg = Debug|x64
		{E1D4BD12-C152-4704-A82D-13F6EC401958}.Debug|x64.Build.0 = Debug|x64
		{E1D4BD12-C152-4704-A82D-13F6EC401958}.Debug|x86.ActiveCfg = Debug|Win32
		{E1D4BD12-C152-4704-A82D-13F6EC401958}.Debug|x86.Build.0 = Debug|Win32
		{E1D4BD12-C152-4704-A82D-13F6EC401958}.Release|x64.ActiveCfg = Release|x64
		{E1D4BD12-C152-4704-A82D-13F6EC401958}.Release|x64.Build.0 = Release|x64
		{E1D4BD12-C152-4704-A82D-13F6EC401958}.Release|x86.ActiveCfg = Release|Win32
		{E1D4BD12-C152-4704-A82D-13F6EC401958}.Release|x86.Build.0 = Release|Win32
		{99A0AB10-1C7D-42C3-BB8E-C223DFE8AECD}.Debug|x64.ActiveCfg = Debug|x64
		{99A0AB10-1C7D-42C3-BB8E-C223DFE8AECD}.Debug|x64.Build.0 = Debug|x64
		{99A0AB10-1C7D-42C3-BB8E-C223DFE8AECD}.Debug|x86.ActiveCfg = Debug|Win32
		{99A0AB10-1C7D-42C3-BB8E-C223DFE8AECD}.Debug|x86.Build.0 = Debug|Win32
		{99A0AB10-1C7D-42C3-BB8E-C223DFE8AECD}.Release|x64.ActiveCfg = Release|x64
		{99A0AB10-1C7D-42C3-BB8E-C223DFE8AECD}.Release|x64.Build.0 = Release|x64
		{99A0AB10-1C7D-42C3-BB8E-C223DFE8AECD}.Release|x86.ActiveCfg = Release|Win32
		{99A0AB10-1C7D-42C3-BB8E-C223DFE8AECD}.Release|x86.Build.0 = Release|Win32
		{6E2CDE28-4B3A-4EB6-AB6C-0933B017D3CB}.Debug|x64.ActiveCfg = Debug|x64
		{6E2CDE28-4B3A-4EB6-AB6C-0933B017D3CB}.Debug|x64.Build.0 = Debug|x64
		{6E2CDE28-4B3A-4EB6-AB6C-0933B017D3CB}.Debug|x86.ActiveCfg = Debug|Win32
		{6E2CDE28-4B3A-4EB6-AB6C-0933B017D3CB}.Debug|x86.Build.0 = Debug|Win32
		{6E2CDE28-4B3A-4EB6-AB6C-0933B017D3CB}.Release|x64.ActiveCfg = Release|x64
		{6E2CDE28-4B3A-4EB6-AB6C-0933B017D3CB}.Release|x64.Build.0 = Release|x64
		{6E2CDE28-4B3A-4EB6-AB6C-0933B017D3CB}.Release|x86.ActiveCfg = Release|Win32
		{6E2CDE28-4B3A-4EB6-AB6C-0933B017D3CB}.Release|x86.Build.0 = Release|Win32
		{CFD09FFF-4837-4416-A032-C11CE1761A76}.Debug|x64.ActiveCfg = Debug|x64
		{CFD09FFF-4837-4416-A032-C11CE1761A76}.Debug|x64.Build.0 = Debug|x64
		{CFD09FFF-4837-4416-A032-C11CE1761A76}.Debug|x86.ActiveCfg = Debug|Win32
		{CFD09FFF-4837-4416-A032-C11CE1761A76}.Debug|x86.Build.0 = Debug|Win32
		{CFD09FFF-4837-4416-A032-C11CE1761A76}.Release|x64.ActiveCfg = Release|x64
		{CFD09FFF-4837-4416-A032-C11CE1761A76}.Release|x64.Build.0 = Release|x64
		{CFD09FFF-4837-4416-A032-C11CE1761A76}.Release|x86.ActiveCfg = Release|Win32
		{CFD09FFF-4837-4416-A032-C11CE1761A76}.Release|x86.Build.0 = Release|Win32
		{AA7C4C51-F5A3-46BA-BC51-F135F64B9709}.Debug|x64.ActiveCfg = Debug|x64
		{AA7C4C51-F5A3-46BA-BC51-F135F64B9709}.Debug|x64.Build.0 = Debug|x64
		{AA7C4C51-F5A3-46BA-BC51-F135F64B9709}.Debug|x86.ActiveCfg = Debug|Win32
		{AA7C4C51-F5A3-46BA-BC51-F135F64B9709}.Debug|x86.Build.0 = Debug|Win32
		{AA7C4C51-F5A3-46BA-BC51-F135F64B9709}.Release|x64.ActiveCfg = Release|x64
		{AA7C4C51-F5A3-46BA-BC51-F135F64B9709}.Release|x64.Build.0 = Release|x64
		{AA7C4C51-F5A3-46BA-BC51-F135F64B9709}.Release|x86.ActiveCfg = Release|Win32
		{AA7C4C51-F5A3-46BA-BC51-F135F64B9709}.Release|x86.Build.0 = Release|Win32
		{81EF6144-61B8-4D03-AFED-10F0D66A1999}.Debug|x64.ActiveCfg = Debug|x64
		{81EF6144-61B8-4D03-AFED-10F0D66A1999}.Debug|x64.Build.0 = Debug|x64
		{81EF6144-61B8-4D03-AFED-10F0D66A1999}.Debug|x86.ActiveCfg = Debug|Win32
		{81EF6144-61B8-4D03-AFED-10F0D66A1999}.Debug|x86.Build.0 = Debug|Win32
		{81EF6144-61B8-4D03-AFED-10F0D66A1999}.Release|x64.ActiveCfg = Release|x64
		{81EF6144-61B8-4D03-AFED-10F0D66A1999}.Release|x64.Build.0 = Release|x64
		{81EF6144-61B8-4D03-AFED-10F0D66A1999}.Release|x86.ActiveCfg = Release|Win32
		{81EF6144-61B8-4D03-AFED-10F0D66A1999}.Release|x86.Build.0 = Release|Win32
		{CD45217D-1457-4E09-A2B6-791D09505947}.Debug|x64.ActiveCfg = Debug|x64
		{CD45217D-1457-4E09-A2B6-791D09505947}.Debug|x64.Build.0 = Debug|x64
		{CD45217D-1457-4E09-A2B6-791D09505947}.Debug|x86.ActiveCfg = Debug|Win32
		{CD45217D-1457-4E09-A2B6-791D09505947}.Debug|x86.Build.0 = Debug|Win32
		{CD45217D-1457-4E09-A2B6-791D09505947}.Release|x64.ActiveCfg = Release|x64
		{CD45217D-1457-4E09-A2B6-791D09505947}.Release|x64.Build.0 = Release|x64
		{CD45217D-1457-4E09-A2B6-791D09505947}.Release|x86.ActiveCfg = Release|Win32
		{CD45217D-1457-4E09-A2B6-791D09505947}.Release|x86.Build.0 = Release|Win32
		{982AE38F-F43B-47F9-8CA5-C1129B61343F}.Debug|x64.ActiveCfg = Debug|x64
		{982AE38F-F43B-47F9-8CA5-C1129B61343F}.Debug|x64.Build.0 = Debug|x64
		{982AE38F-F43B-47F9-8CA5-C1129B61343F}.Debug|x86.ActiveCfg = Debug|Win32
		{982AE38F-F43B-47F9-8CA5-C1129B61343F}.Debug|x86.Build.0 = Debug|Win32
		{982AE38F-F43B-47F9-8CA5-C1129B61343F}.Release|x64.ActiveCfg = Release|x64
		{982AE38F-F43B-47F9-8CA5-C1129B61343F}.Release|x64.Build.0 = Release|x64
		{982AE38F-F43B-47F9-8CA5-C1129B61343F}.Release|x86.ActiveCfg = Release|Win32
		{982AE38F-F43B-47F9-8CA5-C1129B61343F}.Release|x86.Build.0 = Release|Win32
		{3969E8AA-E7D4-4209-8D3C-32B6F5FF8BF2}.Debug|x64.ActiveCfg = Debug|x64
		{3969E8AA-E7D4-4209-8D3C-32B6F5FF8BF2}.Debug|x64.Build.0 = Debug|x64
		{3969E8AA-E7D4-4209-8D3C-32B6F5FF8BF2}.Debug|x86.ActiveCfg = Debug|Win32
		{3969E8AA-E7D4-4209-8D3C-32B6F5FF8BF2}.Debug|x86.Build.0 = Debug|Win32
		{3969E8AA-E7D4-4209-8D3C-32B6F5FF8BF2}.Release|x64.ActiveCfg = Release|x64
		{3969E8AA-E7D4-4209-8D3C-32B6F5FF8BF2}.Release|x64.Build.0 = Release|x64
		{3969E8AA-E7D4-4209-8D3C-32B6F5FF8BF2}.Release|x86.ActiveCfg = Release|Win32
		{3969E8AA-E7D4-4209-8D3C-32B6F5FF8BF2}.Release|x86.Build.0 = Release|Win32
		{159509CC-7009-4B41-85A9-4D2A121CD412}.Debug|x64.ActiveCfg = Debug|x64
		{159509CC-7009-4B41-85A9-4D2A121CD412}.Debug|x64.Build.0 = Debug|x64
		{159509CC-7009-4B41-85A9-4D2A121CD412}.Debug|x86.ActiveCfg = Debug|Win32
		{159509CC-7009-4B41-85A9-4D2A121CD412}.Debug|x86.Build.0 = Debug|Win32
		{159509CC-7009-4B41-85A9-4D2A121CD412}.Release|x64.ActiveCfg = Release|x64
		{159509CC-7009-4B41-85A9-4D2A121CD412}.Release|x64.Build.0 = Release|x64
		{159509CC-7009-4B41-85A9-4D2A121CD412}.Release|x86.ActiveCfg = Release|Win32
		{159509CC-7009-4B41-85A9-4D2A121CD412}.Release|x86.Build.0 = Release|Win32
		{FC3A9278-3385-419D-BDD9-5D49F97AB058}.Debug|x64.ActiveCfg = Debug|x64
		{FC3A9278-3385-419D-BDD9-5D49F97AB058}.Debug|x64.Build.0 = Debug|x64
		{FC3A9278-3385-419D-BDD9-5D49F97AB058}.Debug|x86.ActiveCfg = Debug|Win32
		{FC3A9278-3385-419D-BDD9-5D49F97AB058}.Debug|x86.Build.0 = Debug|Win32
		{FC3A9278-3385-419D-BDD9-5D49F97AB058}.Release|x64.ActiveCfg = Release|x64
		{FC3A9278-3385-419D-BDD9-5D49F97AB058}.Release|x64.Build.0 = Release|x64
		{FC3A9278-3385-419D-BDD9-5D49F97AB058}.Release|x86.ActiveCfg = Release|Win32
		{FC3A9278-3385-419D-BDD9-5D49F97AB058}.Release|x86.Build.0 = Release|Win32
		{F394C1B2-2B33-4A1D-83B9-7EE44AF55ABD}.Debug|x64.ActiveCfg = Debug|x64
		{F394C1B2-2B33-4A1D-83B9-7EE44AF55ABD}.Debug|x64.Build.0 = Debug|x64
		{F394C1B2-2B33-4A1D-83B9-7EE44AF55ABD}.Debug|x86.ActiveCfg = Debug|Win32
		{F394C1B2-2B33-4A1D-83B9-7EE44AF55ABD}.Debug|x86.Build.0 = Debug|Win32
		{F394C1B2-2B33-4A1D-83B9-7EE44AF55ABD}.Release|x64.ActiveCfg = Release|x64
		{F394C1B2-2B33-4A1D-83B9-7EE44AF55ABD}.Release|x64.Build.0 = Release|x64
		{F394C1B2-2B33-4A1D-83B9-7EE44AF55ABD}.Release|x86.ActiveCfg = Release|Win32
		{F394C1B2-2B33-4A1D-83B9-7EE44AF55ABD}.Release|x86.Build.0 = Release|Win32
	EndGlobalSection
	GlobalSection(SolutionProperties) = preSolution
		HideSolutionNode = FALSE
	EndGlobalSection
	GlobalSection(ExtensibilityGlobals) = postSolution
		SolutionGuid = {E035E2A3-E498-4275-8BE0-71BC896D9570}
	EndGlobalSection
EndGlobal
